// !$*UTF8*$!
{
	archiveVersion = 1;
	classes = {
	};
	objectVersion = 50;
	objects = {

/* Begin PBXBuildFile section */
		93D28C30EE1A0B6716F54C4B /* Pods_RxTwitterROMViewer.framework in Frameworks */ = {isa = PBXBuildFile; fileRef = 85D2CA43097FCF244A0BA9CE /* Pods_RxTwitterROMViewer.framework */; };
		EA70E9A722BC7EF200B6892F /* TwitterAuthRepository.swift in Sources */ = {isa = PBXBuildFile; fileRef = EA70E9A622BC7EF200B6892F /* TwitterAuthRepository.swift */; };
		EA70E9A922BC801A00B6892F /* TwitterNetwork.swift in Sources */ = {isa = PBXBuildFile; fileRef = EA70E9A822BC801A00B6892F /* TwitterNetwork.swift */; };
		EA70E9AB22BC91F000B6892F /* AuthUseCase.swift in Sources */ = {isa = PBXBuildFile; fileRef = EA70E9AA22BC91F000B6892F /* AuthUseCase.swift */; };
		EA70E9AD22BC9ACF00B6892F /* Default-568h@2x.png in Resources */ = {isa = PBXBuildFile; fileRef = EA70E9AC22BC9ACF00B6892F /* Default-568h@2x.png */; };
		EAD7E1B022B9E1C200F223C7 /* AppDelegate.swift in Sources */ = {isa = PBXBuildFile; fileRef = EAD7E1AF22B9E1C200F223C7 /* AppDelegate.swift */; };
		EAD7E1B722B9E1C500F223C7 /* Assets.xcassets in Resources */ = {isa = PBXBuildFile; fileRef = EAD7E1B622B9E1C500F223C7 /* Assets.xcassets */; };
		EAD7E1BA22B9E1C500F223C7 /* LaunchScreen.storyboard in Resources */ = {isa = PBXBuildFile; fileRef = EAD7E1B822B9E1C500F223C7 /* LaunchScreen.storyboard */; };
		EAD7E1D722B9F8C800F223C7 /* TimelineViewController.swift in Sources */ = {isa = PBXBuildFile; fileRef = EAD7E1D622B9F8C800F223C7 /* TimelineViewController.swift */; };
		EAD7E1D922B9F9EB00F223C7 /* TimelineReactor.swift in Sources */ = {isa = PBXBuildFile; fileRef = EAD7E1D822B9F9EB00F223C7 /* TimelineReactor.swift */; };
		EAD7E1DB22B9F9F400F223C7 /* TimelineView.swift in Sources */ = {isa = PBXBuildFile; fileRef = EAD7E1DA22B9F9F400F223C7 /* TimelineView.swift */; };
		EAD7E1DF22B9FDC700F223C7 /* LoginReactor.swift in Sources */ = {isa = PBXBuildFile; fileRef = EAD7E1DE22B9FDC700F223C7 /* LoginReactor.swift */; };
		EAD7E1E122B9FDE200F223C7 /* LoginViewController.swift in Sources */ = {isa = PBXBuildFile; fileRef = EAD7E1E022B9FDE200F223C7 /* LoginViewController.swift */; };
		EAD7E1E322B9FE3000F223C7 /* LoginView.swift in Sources */ = {isa = PBXBuildFile; fileRef = EAD7E1E222B9FE3000F223C7 /* LoginView.swift */; };
/* End PBXBuildFile section */

/* Begin PBXFileReference section */
		85D2CA43097FCF244A0BA9CE /* Pods_RxTwitterROMViewer.framework */ = {isa = PBXFileReference; explicitFileType = wrapper.framework; includeInIndex = 0; path = Pods_RxTwitterROMViewer.framework; sourceTree = BUILT_PRODUCTS_DIR; };
		861C8ED1C512180F65257231 /* Pods-RxTwitterROMViewer.release.xcconfig */ = {isa = PBXFileReference; includeInIndex = 1; lastKnownFileType = text.xcconfig; name = "Pods-RxTwitterROMViewer.release.xcconfig"; path = "Target Support Files/Pods-RxTwitterROMViewer/Pods-RxTwitterROMViewer.release.xcconfig"; sourceTree = "<group>"; };
		DAAF7CA6F04DB56DB2F04328 /* Pods-RxTwitterROMViewer.debug.xcconfig */ = {isa = PBXFileReference; includeInIndex = 1; lastKnownFileType = text.xcconfig; name = "Pods-RxTwitterROMViewer.debug.xcconfig"; path = "Target Support Files/Pods-RxTwitterROMViewer/Pods-RxTwitterROMViewer.debug.xcconfig"; sourceTree = "<group>"; };
		EA70E9A622BC7EF200B6892F /* TwitterAuthRepository.swift */ = {isa = PBXFileReference; lastKnownFileType = sourcecode.swift; path = TwitterAuthRepository.swift; sourceTree = "<group>"; };
		EA70E9A822BC801A00B6892F /* TwitterNetwork.swift */ = {isa = PBXFileReference; lastKnownFileType = sourcecode.swift; path = TwitterNetwork.swift; sourceTree = "<group>"; };
		EA70E9AA22BC91F000B6892F /* AuthUseCase.swift */ = {isa = PBXFileReference; lastKnownFileType = sourcecode.swift; path = AuthUseCase.swift; sourceTree = "<group>"; };
		EA70E9AC22BC9ACF00B6892F /* Default-568h@2x.png */ = {isa = PBXFileReference; lastKnownFileType = image.png; path = "Default-568h@2x.png"; sourceTree = "<group>"; };
		EAD7E1AC22B9E1C200F223C7 /* RxTwitterROMViewer.app */ = {isa = PBXFileReference; explicitFileType = wrapper.application; includeInIndex = 0; path = RxTwitterROMViewer.app; sourceTree = BUILT_PRODUCTS_DIR; };
		EAD7E1AF22B9E1C200F223C7 /* AppDelegate.swift */ = {isa = PBXFileReference; lastKnownFileType = sourcecode.swift; path = AppDelegate.swift; sourceTree = "<group>"; };
		EAD7E1B622B9E1C500F223C7 /* Assets.xcassets */ = {isa = PBXFileReference; lastKnownFileType = folder.assetcatalog; path = Assets.xcassets; sourceTree = "<group>"; };
		EAD7E1B922B9E1C500F223C7 /* Base */ = {isa = PBXFileReference; lastKnownFileType = file.storyboard; name = Base; path = Base.lproj/LaunchScreen.storyboard; sourceTree = "<group>"; };
		EAD7E1BB22B9E1C500F223C7 /* Info.plist */ = {isa = PBXFileReference; lastKnownFileType = text.plist.xml; path = Info.plist; sourceTree = "<group>"; };
		EAD7E1C622B9EF3800F223C7 /* RxTwitterROMViewer-Bridging-Header.h */ = {isa = PBXFileReference; lastKnownFileType = sourcecode.c.h; path = "RxTwitterROMViewer-Bridging-Header.h"; sourceTree = "<group>"; };
		EAD7E1D622B9F8C800F223C7 /* TimelineViewController.swift */ = {isa = PBXFileReference; lastKnownFileType = sourcecode.swift; path = TimelineViewController.swift; sourceTree = "<group>"; };
		EAD7E1D822B9F9EB00F223C7 /* TimelineReactor.swift */ = {isa = PBXFileReference; lastKnownFileType = sourcecode.swift; path = TimelineReactor.swift; sourceTree = "<group>"; };
		EAD7E1DA22B9F9F400F223C7 /* TimelineView.swift */ = {isa = PBXFileReference; lastKnownFileType = sourcecode.swift; path = TimelineView.swift; sourceTree = "<group>"; };
		EAD7E1DE22B9FDC700F223C7 /* LoginReactor.swift */ = {isa = PBXFileReference; lastKnownFileType = sourcecode.swift; path = LoginReactor.swift; sourceTree = "<group>"; };
		EAD7E1E022B9FDE200F223C7 /* LoginViewController.swift */ = {isa = PBXFileReference; lastKnownFileType = sourcecode.swift; path = LoginViewController.swift; sourceTree = "<group>"; };
		EAD7E1E222B9FE3000F223C7 /* LoginView.swift */ = {isa = PBXFileReference; lastKnownFileType = sourcecode.swift; path = LoginView.swift; sourceTree = "<group>"; };
/* End PBXFileReference section */

/* Begin PBXFrameworksBuildPhase section */
		EAD7E1A922B9E1C200F223C7 /* Frameworks */ = {
			isa = PBXFrameworksBuildPhase;
			buildActionMask = 2147483647;
			files = (
				93D28C30EE1A0B6716F54C4B /* Pods_RxTwitterROMViewer.framework in Frameworks */,
			);
			runOnlyForDeploymentPostprocessing = 0;
		};
/* End PBXFrameworksBuildPhase section */

/* Begin PBXGroup section */
		01FE126D47B79F9086BFEF06 /* Pods */ = {
			isa = PBXGroup;
			children = (
				DAAF7CA6F04DB56DB2F04328 /* Pods-RxTwitterROMViewer.debug.xcconfig */,
				861C8ED1C512180F65257231 /* Pods-RxTwitterROMViewer.release.xcconfig */,
			);
			path = Pods;
			sourceTree = "<group>";
		};
		99E9032B084AE720873FD5F4 /* Frameworks */ = {
			isa = PBXGroup;
			children = (
				85D2CA43097FCF244A0BA9CE /* Pods_RxTwitterROMViewer.framework */,
			);
			name = Frameworks;
			sourceTree = "<group>";
		};
		EA70E99B22BBD3C800B6892F /* Domain */ = {
			isa = PBXGroup;
			children = (
				EA70E9A022BBD4CB00B6892F /* Repositories */,
				EA70E9A122BBD4D700B6892F /* UseCases */,
			);
			path = Domain;
			sourceTree = "<group>";
		};
		EA70E99C22BBD40100B6892F /* Data */ = {
			isa = PBXGroup;
			children = (
				EA70E9A522BBE49200B6892F /* Networks */,
			);
			path = Data;
			sourceTree = "<group>";
		};
		EA70E99D22BBD42F00B6892F /* Presenter */ = {
			isa = PBXGroup;
			children = (
				EAD7E1D122B9F7D600F223C7 /* UI */,
			);
			path = Presenter;
			sourceTree = "<group>";
		};
		EA70E99E22BBD44500B6892F /* Utilities */ = {
			isa = PBXGroup;
			children = (
				EAD7E1CA22B9F61400F223C7 /* Extensions */,
			);
			path = Utilities;
			sourceTree = "<group>";
		};
		EA70E9A022BBD4CB00B6892F /* Repositories */ = {
			isa = PBXGroup;
			children = (
				EA70E9A622BC7EF200B6892F /* TwitterAuthRepository.swift */,
			);
			path = Repositories;
			sourceTree = "<group>";
		};
		EA70E9A122BBD4D700B6892F /* UseCases */ = {
			isa = PBXGroup;
			children = (
				EA70E9AA22BC91F000B6892F /* AuthUseCase.swift */,
			);
			path = UseCases;
			sourceTree = "<group>";
		};
		EA70E9A522BBE49200B6892F /* Networks */ = {
			isa = PBXGroup;
			children = (
				EA70E9A822BC801A00B6892F /* TwitterNetwork.swift */,
			);
			path = Networks;
			sourceTree = "<group>";
		};
		EAD7E1A322B9E1C200F223C7 = {
			isa = PBXGroup;
			children = (
				EA70E9AC22BC9ACF00B6892F /* Default-568h@2x.png */,
				EAD7E1AE22B9E1C200F223C7 /* RxTwitterROMViewer */,
				EAD7E1AD22B9E1C200F223C7 /* Products */,
				01FE126D47B79F9086BFEF06 /* Pods */,
				99E9032B084AE720873FD5F4 /* Frameworks */,
			);
			sourceTree = "<group>";
		};
		EAD7E1AD22B9E1C200F223C7 /* Products */ = {
			isa = PBXGroup;
			children = (
				EAD7E1AC22B9E1C200F223C7 /* RxTwitterROMViewer.app */,
			);
			name = Products;
			sourceTree = "<group>";
		};
		EAD7E1AE22B9E1C200F223C7 /* RxTwitterROMViewer */ = {
			isa = PBXGroup;
			children = (
				EAD7E1C822B9F5EE00F223C7 /* Resources */,
				EA70E99E22BBD44500B6892F /* Utilities */,
				EA70E99C22BBD40100B6892F /* Data */,
				EA70E99B22BBD3C800B6892F /* Domain */,
				EA70E99D22BBD42F00B6892F /* Presenter */,
				EAD7E1AF22B9E1C200F223C7 /* AppDelegate.swift */,
				EAD7E1B822B9E1C500F223C7 /* LaunchScreen.storyboard */,
				EAD7E1BB22B9E1C500F223C7 /* Info.plist */,
				EAD7E1C622B9EF3800F223C7 /* RxTwitterROMViewer-Bridging-Header.h */,
			);
			path = RxTwitterROMViewer;
			sourceTree = "<group>";
		};
		EAD7E1C822B9F5EE00F223C7 /* Resources */ = {
			isa = PBXGroup;
			children = (
				EAD7E1B622B9E1C500F223C7 /* Assets.xcassets */,
			);
			path = Resources;
			sourceTree = "<group>";
		};
		EAD7E1CA22B9F61400F223C7 /* Extensions */ = {
			isa = PBXGroup;
			children = (
				EAD7E1CB22B9F61C00F223C7 /* Rx */,
			);
			path = Extensions;
			sourceTree = "<group>";
		};
		EAD7E1CB22B9F61C00F223C7 /* Rx */ = {
			isa = PBXGroup;
			children = (
			);
			path = Rx;
			sourceTree = "<group>";
		};
		EAD7E1D122B9F7D600F223C7 /* UI */ = {
			isa = PBXGroup;
			children = (
				EAD7E1D422B9F7F400F223C7 /* Pages */,
				EAD7E1D322B9F7EA00F223C7 /* CustomViews */,
				EAD7E1D222B9F7E200F223C7 /* CustomCells */,
			);
			path = UI;
			sourceTree = "<group>";
		};
		EAD7E1D222B9F7E200F223C7 /* CustomCells */ = {
			isa = PBXGroup;
			children = (
			);
			path = CustomCells;
			sourceTree = "<group>";
		};
		EAD7E1D322B9F7EA00F223C7 /* CustomViews */ = {
			isa = PBXGroup;
			children = (
			);
			path = CustomViews;
			sourceTree = "<group>";
		};
		EAD7E1D422B9F7F400F223C7 /* Pages */ = {
			isa = PBXGroup;
			children = (
				EAD7E1DD22B9FD7100F223C7 /* Login */,
				EAD7E1D522B9F8AC00F223C7 /* Timeline */,
			);
			path = Pages;
			sourceTree = "<group>";
		};
		EAD7E1D522B9F8AC00F223C7 /* Timeline */ = {
			isa = PBXGroup;
			children = (
				EAD7E1D822B9F9EB00F223C7 /* TimelineReactor.swift */,
				EAD7E1D622B9F8C800F223C7 /* TimelineViewController.swift */,
				EAD7E1DA22B9F9F400F223C7 /* TimelineView.swift */,
			);
			path = Timeline;
			sourceTree = "<group>";
		};
		EAD7E1DD22B9FD7100F223C7 /* Login */ = {
			isa = PBXGroup;
			children = (
				EAD7E1DE22B9FDC700F223C7 /* LoginReactor.swift */,
				EAD7E1E022B9FDE200F223C7 /* LoginViewController.swift */,
				EAD7E1E222B9FE3000F223C7 /* LoginView.swift */,
			);
			path = Login;
			sourceTree = "<group>";
		};
/* End PBXGroup section */

/* Begin PBXNativeTarget section */
		EAD7E1AB22B9E1C200F223C7 /* RxTwitterROMViewer */ = {
			isa = PBXNativeTarget;
			buildConfigurationList = EAD7E1BE22B9E1C500F223C7 /* Build configuration list for PBXNativeTarget "RxTwitterROMViewer" */;
			buildPhases = (
				228937539845B4F92D054CD7 /* [CP] Check Pods Manifest.lock */,
				EAD7E1A822B9E1C200F223C7 /* Sources */,
				EAD7E1A922B9E1C200F223C7 /* Frameworks */,
				EAD7E1AA22B9E1C200F223C7 /* Resources */,
				3BD42A0637E490BA67FECE0B /* [CP] Embed Pods Frameworks */,
				6B740B1102D5BD4C6D51B8FA /* [CP] Copy Pods Resources */,
			);
			buildRules = (
			);
			dependencies = (
			);
			name = RxTwitterROMViewer;
			productName = RxTwitterROMViewer;
			productReference = EAD7E1AC22B9E1C200F223C7 /* RxTwitterROMViewer.app */;
			productType = "com.apple.product-type.application";
		};
/* End PBXNativeTarget section */

/* Begin PBXProject section */
		EAD7E1A422B9E1C200F223C7 /* Project object */ = {
			isa = PBXProject;
			attributes = {
				LastSwiftUpdateCheck = 1020;
				LastUpgradeCheck = 1020;
				ORGANIZATIONNAME = murawaki;
				TargetAttributes = {
					EAD7E1AB22B9E1C200F223C7 = {
						CreatedOnToolsVersion = 10.2.1;
						LastSwiftMigration = 1020;
					};
				};
			};
			buildConfigurationList = EAD7E1A722B9E1C200F223C7 /* Build configuration list for PBXProject "RxTwitterROMViewer" */;
			compatibilityVersion = "Xcode 9.3";
			developmentRegion = en;
			hasScannedForEncodings = 0;
			knownRegions = (
				en,
				Base,
			);
			mainGroup = EAD7E1A322B9E1C200F223C7;
			productRefGroup = EAD7E1AD22B9E1C200F223C7 /* Products */;
			projectDirPath = "";
			projectRoot = "";
			targets = (
				EAD7E1AB22B9E1C200F223C7 /* RxTwitterROMViewer */,
			);
		};
/* End PBXProject section */

/* Begin PBXResourcesBuildPhase section */
		EAD7E1AA22B9E1C200F223C7 /* Resources */ = {
			isa = PBXResourcesBuildPhase;
			buildActionMask = 2147483647;
			files = (
				EAD7E1BA22B9E1C500F223C7 /* LaunchScreen.storyboard in Resources */,
				EAD7E1B722B9E1C500F223C7 /* Assets.xcassets in Resources */,
				EA70E9AD22BC9ACF00B6892F /* Default-568h@2x.png in Resources */,
			);
			runOnlyForDeploymentPostprocessing = 0;
		};
/* End PBXResourcesBuildPhase section */

/* Begin PBXShellScriptBuildPhase section */
		228937539845B4F92D054CD7 /* [CP] Check Pods Manifest.lock */ = {
			isa = PBXShellScriptBuildPhase;
			buildActionMask = 2147483647;
			files = (
			);
			inputFileListPaths = (
			);
			inputPaths = (
				"${PODS_PODFILE_DIR_PATH}/Podfile.lock",
				"${PODS_ROOT}/Manifest.lock",
			);
			name = "[CP] Check Pods Manifest.lock";
			outputFileListPaths = (
			);
			outputPaths = (
				"$(DERIVED_FILE_DIR)/Pods-RxTwitterROMViewer-checkManifestLockResult.txt",
			);
			runOnlyForDeploymentPostprocessing = 0;
			shellPath = /bin/sh;
			shellScript = "diff \"${PODS_PODFILE_DIR_PATH}/Podfile.lock\" \"${PODS_ROOT}/Manifest.lock\" > /dev/null\nif [ $? != 0 ] ; then\n    # print error to STDERR\n    echo \"error: The sandbox is not in sync with the Podfile.lock. Run 'pod install' or update your CocoaPods installation.\" >&2\n    exit 1\nfi\n# This output is used by Xcode 'outputs' to avoid re-running this script phase.\necho \"SUCCESS\" > \"${SCRIPT_OUTPUT_FILE_0}\"\n";
			showEnvVarsInLog = 0;
		};
		3BD42A0637E490BA67FECE0B /* [CP] Embed Pods Frameworks */ = {
			isa = PBXShellScriptBuildPhase;
			buildActionMask = 2147483647;
			files = (
			);
			inputFileListPaths = (
			);
			inputPaths = (
				"${PODS_ROOT}/Target Support Files/Pods-RxTwitterROMViewer/Pods-RxTwitterROMViewer-frameworks.sh",
				"${BUILT_PRODUCTS_DIR}/ESPullToRefresh/ESPullToRefresh.framework",
				"${BUILT_PRODUCTS_DIR}/Kingfisher/Kingfisher.framework",
				"${BUILT_PRODUCTS_DIR}/PinLayout/PinLayout.framework",
				"${BUILT_PRODUCTS_DIR}/ReactorKit/ReactorKit.framework",
				"${BUILT_PRODUCTS_DIR}/ReusableKit/ReusableKit.framework",
				"${BUILT_PRODUCTS_DIR}/RxCocoa/RxCocoa.framework",
				"${BUILT_PRODUCTS_DIR}/RxGesture/RxGesture.framework",
				"${BUILT_PRODUCTS_DIR}/RxOptional/RxOptional.framework",
				"${BUILT_PRODUCTS_DIR}/RxRelay/RxRelay.framework",
				"${BUILT_PRODUCTS_DIR}/RxSwift/RxSwift.framework",
				"${BUILT_PRODUCTS_DIR}/RxViewController/RxViewController.framework",
				"${BUILT_PRODUCTS_DIR}/SwiftDate/SwiftDate.framework",
				"${BUILT_PRODUCTS_DIR}/SwiftyUserDefaults/SwiftyUserDefaults.framework",
				"${BUILT_PRODUCTS_DIR}/TTTAttributedLabel/TTTAttributedLabel.framework",
				"${PODS_ROOT}/TwitterCore/iOS/TwitterCore.framework",
				"${PODS_ROOT}/TwitterKit/iOS/TwitterKit.framework",
			);
			name = "[CP] Embed Pods Frameworks";
			outputFileListPaths = (
			);
			outputPaths = (
				"${TARGET_BUILD_DIR}/${FRAMEWORKS_FOLDER_PATH}/ESPullToRefresh.framework",
				"${TARGET_BUILD_DIR}/${FRAMEWORKS_FOLDER_PATH}/Kingfisher.framework",
				"${TARGET_BUILD_DIR}/${FRAMEWORKS_FOLDER_PATH}/PinLayout.framework",
				"${TARGET_BUILD_DIR}/${FRAMEWORKS_FOLDER_PATH}/ReactorKit.framework",
				"${TARGET_BUILD_DIR}/${FRAMEWORKS_FOLDER_PATH}/ReusableKit.framework",
				"${TARGET_BUILD_DIR}/${FRAMEWORKS_FOLDER_PATH}/RxCocoa.framework",
				"${TARGET_BUILD_DIR}/${FRAMEWORKS_FOLDER_PATH}/RxGesture.framework",
				"${TARGET_BUILD_DIR}/${FRAMEWORKS_FOLDER_PATH}/RxOptional.framework",
				"${TARGET_BUILD_DIR}/${FRAMEWORKS_FOLDER_PATH}/RxRelay.framework",
				"${TARGET_BUILD_DIR}/${FRAMEWORKS_FOLDER_PATH}/RxSwift.framework",
				"${TARGET_BUILD_DIR}/${FRAMEWORKS_FOLDER_PATH}/RxViewController.framework",
				"${TARGET_BUILD_DIR}/${FRAMEWORKS_FOLDER_PATH}/SwiftDate.framework",
				"${TARGET_BUILD_DIR}/${FRAMEWORKS_FOLDER_PATH}/SwiftyUserDefaults.framework",
				"${TARGET_BUILD_DIR}/${FRAMEWORKS_FOLDER_PATH}/TTTAttributedLabel.framework",
				"${TARGET_BUILD_DIR}/${FRAMEWORKS_FOLDER_PATH}/TwitterCore.framework",
				"${TARGET_BUILD_DIR}/${FRAMEWORKS_FOLDER_PATH}/TwitterKit.framework",
			);
			runOnlyForDeploymentPostprocessing = 0;
			shellPath = /bin/sh;
			shellScript = "\"${PODS_ROOT}/Target Support Files/Pods-RxTwitterROMViewer/Pods-RxTwitterROMViewer-frameworks.sh\"\n";
			showEnvVarsInLog = 0;
		};
		6B740B1102D5BD4C6D51B8FA /* [CP] Copy Pods Resources */ = {
			isa = PBXShellScriptBuildPhase;
			buildActionMask = 2147483647;
			files = (
			);
			inputFileListPaths = (
			);
			inputPaths = (
				"${PODS_ROOT}/Target Support Files/Pods-RxTwitterROMViewer/Pods-RxTwitterROMViewer-resources.sh",
				"${PODS_ROOT}/TwitterKit/iOS/TwitterKit.framework/TwitterKitResources.bundle",
			);
			name = "[CP] Copy Pods Resources";
			outputFileListPaths = (
			);
			outputPaths = (
				"${TARGET_BUILD_DIR}/${UNLOCALIZED_RESOURCES_FOLDER_PATH}/TwitterKitResources.bundle",
			);
			runOnlyForDeploymentPostprocessing = 0;
			shellPath = /bin/sh;
			shellScript = "\"${PODS_ROOT}/Target Support Files/Pods-RxTwitterROMViewer/Pods-RxTwitterROMViewer-resources.sh\"\n";
			showEnvVarsInLog = 0;
		};
/* End PBXShellScriptBuildPhase section */

/* Begin PBXSourcesBuildPhase section */
		EAD7E1A822B9E1C200F223C7 /* Sources */ = {
			isa = PBXSourcesBuildPhase;
			buildActionMask = 2147483647;
			files = (
				EAD7E1E122B9FDE200F223C7 /* LoginViewController.swift in Sources */,
				EAD7E1E322B9FE3000F223C7 /* LoginView.swift in Sources */,
				EAD7E1B022B9E1C200F223C7 /* AppDelegate.swift in Sources */,
				EA70E9AB22BC91F000B6892F /* AuthUseCase.swift in Sources */,
				EA70E9A722BC7EF200B6892F /* TwitterAuthRepository.swift in Sources */,
				EAD7E1D722B9F8C800F223C7 /* TimelineViewController.swift in Sources */,
				EAD7E1DF22B9FDC700F223C7 /* LoginReactor.swift in Sources */,
				EA70E9A922BC801A00B6892F /* TwitterNetwork.swift in Sources */,
				EAD7E1D922B9F9EB00F223C7 /* TimelineReactor.swift in Sources */,
				EAD7E1DB22B9F9F400F223C7 /* TimelineView.swift in Sources */,
			);
			runOnlyForDeploymentPostprocessing = 0;
		};
/* End PBXSourcesBuildPhase section */

/* Begin PBXVariantGroup section */
		EAD7E1B822B9E1C500F223C7 /* LaunchScreen.storyboard */ = {
			isa = PBXVariantGroup;
			children = (
				EAD7E1B922B9E1C500F223C7 /* Base */,
			);
			name = LaunchScreen.storyboard;
			sourceTree = "<group>";
		};
/* End PBXVariantGroup section */

/* Begin XCBuildConfiguration section */
		EAD7E1BC22B9E1C500F223C7 /* Debug */ = {
			isa = XCBuildConfiguration;
			buildSettings = {
				ALWAYS_SEARCH_USER_PATHS = NO;
				CLANG_ANALYZER_NONNULL = YES;
				CLANG_ANALYZER_NUMBER_OBJECT_CONVERSION = YES_AGGRESSIVE;
				CLANG_CXX_LANGUAGE_STANDARD = "gnu++14";
				CLANG_CXX_LIBRARY = "libc++";
				CLANG_ENABLE_MODULES = YES;
				CLANG_ENABLE_OBJC_ARC = YES;
				CLANG_ENABLE_OBJC_WEAK = YES;
				CLANG_WARN_BLOCK_CAPTURE_AUTORELEASING = YES;
				CLANG_WARN_BOOL_CONVERSION = YES;
				CLANG_WARN_COMMA = YES;
				CLANG_WARN_CONSTANT_CONVERSION = YES;
				CLANG_WARN_DEPRECATED_OBJC_IMPLEMENTATIONS = YES;
				CLANG_WARN_DIRECT_OBJC_ISA_USAGE = YES_ERROR;
				CLANG_WARN_DOCUMENTATION_COMMENTS = YES;
				CLANG_WARN_EMPTY_BODY = YES;
				CLANG_WARN_ENUM_CONVERSION = YES;
				CLANG_WARN_INFINITE_RECURSION = YES;
				CLANG_WARN_INT_CONVERSION = YES;
				CLANG_WARN_NON_LITERAL_NULL_CONVERSION = YES;
				CLANG_WARN_OBJC_IMPLICIT_RETAIN_SELF = YES;
				CLANG_WARN_OBJC_LITERAL_CONVERSION = YES;
				CLANG_WARN_OBJC_ROOT_CLASS = YES_ERROR;
				CLANG_WARN_RANGE_LOOP_ANALYSIS = YES;
				CLANG_WARN_STRICT_PROTOTYPES = YES;
				CLANG_WARN_SUSPICIOUS_MOVE = YES;
				CLANG_WARN_UNGUARDED_AVAILABILITY = YES_AGGRESSIVE;
				CLANG_WARN_UNREACHABLE_CODE = YES;
				CLANG_WARN__DUPLICATE_METHOD_MATCH = YES;
				CODE_SIGN_IDENTITY = "iPhone Developer";
				COPY_PHASE_STRIP = NO;
				DEBUG_INFORMATION_FORMAT = dwarf;
				ENABLE_STRICT_OBJC_MSGSEND = YES;
				ENABLE_TESTABILITY = YES;
				GCC_C_LANGUAGE_STANDARD = gnu11;
				GCC_DYNAMIC_NO_PIC = NO;
				GCC_NO_COMMON_BLOCKS = YES;
				GCC_OPTIMIZATION_LEVEL = 0;
				GCC_PREPROCESSOR_DEFINITIONS = (
					"DEBUG=1",
					"$(inherited)",
				);
				GCC_WARN_64_TO_32_BIT_CONVERSION = YES;
				GCC_WARN_ABOUT_RETURN_TYPE = YES_ERROR;
				GCC_WARN_UNDECLARED_SELECTOR = YES;
				GCC_WARN_UNINITIALIZED_AUTOS = YES_AGGRESSIVE;
				GCC_WARN_UNUSED_FUNCTION = YES;
				GCC_WARN_UNUSED_VARIABLE = YES;
				IPHONEOS_DEPLOYMENT_TARGET = 12.2;
				MTL_ENABLE_DEBUG_INFO = INCLUDE_SOURCE;
				MTL_FAST_MATH = YES;
				ONLY_ACTIVE_ARCH = YES;
				SDKROOT = iphoneos;
				SWIFT_ACTIVE_COMPILATION_CONDITIONS = DEBUG;
				SWIFT_OPTIMIZATION_LEVEL = "-Onone";
			};
			name = Debug;
		};
		EAD7E1BD22B9E1C500F223C7 /* Release */ = {
			isa = XCBuildConfiguration;
			buildSettings = {
				ALWAYS_SEARCH_USER_PATHS = NO;
				CLANG_ANALYZER_NONNULL = YES;
				CLANG_ANALYZER_NUMBER_OBJECT_CONVERSION = YES_AGGRESSIVE;
				CLANG_CXX_LANGUAGE_STANDARD = "gnu++14";
				CLANG_CXX_LIBRARY = "libc++";
				CLANG_ENABLE_MODULES = YES;
				CLANG_ENABLE_OBJC_ARC = YES;
				CLANG_ENABLE_OBJC_WEAK = YES;
				CLANG_WARN_BLOCK_CAPTURE_AUTORELEASING = YES;
				CLANG_WARN_BOOL_CONVERSION = YES;
				CLANG_WARN_COMMA = YES;
				CLANG_WARN_CONSTANT_CONVERSION = YES;
				CLANG_WARN_DEPRECATED_OBJC_IMPLEMENTATIONS = YES;
				CLANG_WARN_DIRECT_OBJC_ISA_USAGE = YES_ERROR;
				CLANG_WARN_DOCUMENTATION_COMMENTS = YES;
				CLANG_WARN_EMPTY_BODY = YES;
				CLANG_WARN_ENUM_CONVERSION = YES;
				CLANG_WARN_INFINITE_RECURSION = YES;
				CLANG_WARN_INT_CONVERSION = YES;
				CLANG_WARN_NON_LITERAL_NULL_CONVERSION = YES;
				CLANG_WARN_OBJC_IMPLICIT_RETAIN_SELF = YES;
				CLANG_WARN_OBJC_LITERAL_CONVERSION = YES;
				CLANG_WARN_OBJC_ROOT_CLASS = YES_ERROR;
				CLANG_WARN_RANGE_LOOP_ANALYSIS = YES;
				CLANG_WARN_STRICT_PROTOTYPES = YES;
				CLANG_WARN_SUSPICIOUS_MOVE = YES;
				CLANG_WARN_UNGUARDED_AVAILABILITY = YES_AGGRESSIVE;
				CLANG_WARN_UNREACHABLE_CODE = YES;
				CLANG_WARN__DUPLICATE_METHOD_MATCH = YES;
				CODE_SIGN_IDENTITY = "iPhone Developer";
				COPY_PHASE_STRIP = NO;
				DEBUG_INFORMATION_FORMAT = "dwarf-with-dsym";
				ENABLE_NS_ASSERTIONS = NO;
				ENABLE_STRICT_OBJC_MSGSEND = YES;
				GCC_C_LANGUAGE_STANDARD = gnu11;
				GCC_NO_COMMON_BLOCKS = YES;
				GCC_WARN_64_TO_32_BIT_CONVERSION = YES;
				GCC_WARN_ABOUT_RETURN_TYPE = YES_ERROR;
				GCC_WARN_UNDECLARED_SELECTOR = YES;
				GCC_WARN_UNINITIALIZED_AUTOS = YES_AGGRESSIVE;
				GCC_WARN_UNUSED_FUNCTION = YES;
				GCC_WARN_UNUSED_VARIABLE = YES;
				IPHONEOS_DEPLOYMENT_TARGET = 12.2;
				MTL_ENABLE_DEBUG_INFO = NO;
				MTL_FAST_MATH = YES;
				SDKROOT = iphoneos;
				SWIFT_COMPILATION_MODE = wholemodule;
				SWIFT_OPTIMIZATION_LEVEL = "-O";
				VALIDATE_PRODUCT = YES;
			};
			name = Release;
		};
		EAD7E1BF22B9E1C500F223C7 /* Debug */ = {
			isa = XCBuildConfiguration;
			baseConfigurationReference = DAAF7CA6F04DB56DB2F04328 /* Pods-RxTwitterROMViewer.debug.xcconfig */;
			buildSettings = {
				ASSETCATALOG_COMPILER_APPICON_NAME = AppIcon;
				CLANG_ENABLE_MODULES = YES;
				CODE_SIGN_STYLE = Automatic;
				DEFINES_MODULE = NO;
				DEVELOPMENT_TEAM = 58347496P5;
				INFOPLIST_FILE = RxTwitterROMViewer/Info.plist;
				IPHONEOS_DEPLOYMENT_TARGET = 11.0;
				LD_RUNPATH_SEARCH_PATHS = (
					"$(inherited)",
					"@executable_path/Frameworks",
				);
				PRODUCT_BUNDLE_IDENTIFIER = com.ispec.murawaki.RxTwitterROMViewer;
				PRODUCT_NAME = "$(TARGET_NAME)";
				SWIFT_OBJC_BRIDGING_HEADER = "RxTwitterROMViewer/RxTwitterROMViewer-Bridging-Header.h";
				SWIFT_OPTIMIZATION_LEVEL = "-Onone";
				SWIFT_VERSION = 5.0;
				TARGETED_DEVICE_FAMILY = "1,2";
			};
			name = Debug;
		};
		EAD7E1C022B9E1C500F223C7 /* Release */ = {
			isa = XCBuildConfiguration;
			baseConfigurationReference = 861C8ED1C512180F65257231 /* Pods-RxTwitterROMViewer.release.xcconfig */;
			buildSettings = {
				ASSETCATALOG_COMPILER_APPICON_NAME = AppIcon;
				CLANG_ENABLE_MODULES = YES;
				CODE_SIGN_STYLE = Automatic;
				DEFINES_MODULE = NO;
				DEVELOPMENT_TEAM = 58347496P5;
				INFOPLIST_FILE = RxTwitterROMViewer/Info.plist;
				IPHONEOS_DEPLOYMENT_TARGET = 11.0;
				LD_RUNPATH_SEARCH_PATHS = (
					"$(inherited)",
					"@executable_path/Frameworks",
				);
				PRODUCT_BUNDLE_IDENTIFIER = com.ispec.murawaki.RxTwitterROMViewer;
				PRODUCT_NAME = "$(TARGET_NAME)";
				SWIFT_OBJC_BRIDGING_HEADER = "RxTwitterROMViewer/RxTwitterROMViewer-Bridging-Header.h";
				SWIFT_VERSION = 5.0;
				TARGETED_DEVICE_FAMILY = "1,2";
			};
			name = Release;
		};
/* End XCBuildConfiguration section */

/* Begin XCConfigurationList section */
		EAD7E1A722B9E1C200F223C7 /* Build configuration list for PBXProject "RxTwitterROMViewer" */ = {
			isa = XCConfigurationList;
			buildConfigurations = (
				EAD7E1BC22B9E1C500F223C7 /* Debug */,
				EAD7E1BD22B9E1C500F223C7 /* Release */,
			);
			defaultConfigurationIsVisible = 0;
			defaultConfigurationName = Release;
		};
		EAD7E1BE22B9E1C500F223C7 /* Build configuration list for PBXNativeTarget "RxTwitterROMViewer" */ = {
			isa = XCConfigurationList;
			buildConfigurations = (
				EAD7E1BF22B9E1C500F223C7 /* Debug */,
				EAD7E1C022B9E1C500F223C7 /* Release */,
			);
			defaultConfigurationIsVisible = 0;
			defaultConfigurationName = Release;
		};
/* End XCConfigurationList section */
	};
	rootObject = EAD7E1A422B9E1C200F223C7 /* Project object */;
}
